
Microsoft Visual Studio Solution File, Format Version 12.00
# Visual Studio Version 16
VisualStudioVersion = 16.0.32106.194
MinimumVisualStudioVersion = 10.0.40219.1
Project("{9A19103F-16F7-4668-BE54-9A1E7A4F7556}") = "Common", "Common\Common.csproj", "{D52DA7C0-3CF2-4E26-BBCE-F9A2DC09589D}"
EndProject
Project("{9A19103F-16F7-4668-BE54-9A1E7A4F7556}") = "Extended", "Extended\Extended.csproj", "{EC1A8251-1B9A-4BBE-8A8C-BC8CD7DA60E0}"
EndProject
Project("{9A19103F-16F7-4668-BE54-9A1E7A4F7556}") = "Calculator", "Calculator\Calculator.csproj", "{D52DA7C0-3DD2-4E26-BBCE-F9A2DC09AA9D}"
EndProject
Project("{9A19103F-16F7-4668-BE54-9A1E7A4F7556}") = "Standard", "Standard\Standard.csproj", "{EC1A8251-119A-44BE-8A8C-BC7823876763}"
EndProject
Project("{9A19103F-16F7-4668-BE54-9A1E7A4F7556}") = "Client", "Client\Client.csproj", "{23D9DE1A-92C0-42FC-875B-5881CE8433D4}"
EndProject
Global
	GlobalSection(SolutionConfigurationPlatforms) = preSolution
		Debug|Any CPU = Debug|Any CPU
		Release|Any CPU = Release|Any CPU
	EndGlobalSection
	GlobalSection(ProjectConfigurationPlatforms) = postSolution
		{D52DA7C0-3CF2-4E26-BBCE-F9A2DC09589D}.Debug|Any CPU.ActiveCfg = Debug|Any CPU
		{D52DA7C0-3CF2-4E26-BBCE-F9A2DC09589D}.Debug|Any CPU.Build.0 = Debug|Any CPU
		{D52DA7C0-3CF2-4E26-BBCE-F9A2DC09589D}.Release|Any CPU.ActiveCfg = Release|Any CPU
		{D52DA7C0-3CF2-4E26-BBCE-F9A2DC09589D}.Release|Any CPU.Build.0 = Release|Any CPU
		{EC1A8251-1B9A-4BBE-8A8C-BC8CD7DA60E0}.Debug|Any CPU.ActiveCfg = Debug|Any CPU
		{EC1A8251-1B9A-4BBE-8A8C-BC8CD7DA60E0}.Debug|Any CPU.Build.0 = Debug|Any CPU
		{EC1A8251-1B9A-4BBE-8A8C-BC8CD7DA60E0}.Release|Any CPU.ActiveCfg = Release|Any CPU
		{EC1A8251-1B9A-4BBE-8A8C-BC8CD7DA60E0}.Release|Any CPU.Build.0 = Release|Any CPU
		{D52DA7C0-3DD2-4E26-BBCE-F9A2DC09AA9D}.Debug|Any CPU.ActiveCfg = Debug|Any CPU
		{D52DA7C0-3DD2-4E26-BBCE-F9A2DC09AA9D}.Debug|Any CPU.Build.0 = Debug|Any CPU
		{D52DA7C0-3DD2-4E26-BBCE-F9A2DC09AA9D}.Release|Any CPU.ActiveCfg = Release|Any CPU
		{D52DA7C0-3DD2-4E26-BBCE-F9A2DC09AA9D}.Release|Any CPU.Build.0 = Release|Any CPU
		{EC1A8251-119A-44BE-8A8C-BC7823876763}.Debug|Any CPU.ActiveCfg = Debug|Any CPU
		{EC1A8251-119A-44BE-8A8C-BC7823876763}.Debug|Any CPU.Build.0 = Debug|Any CPU
		{EC1A8251-119A-44BE-8A8C-BC7823876763}.Release|Any CPU.ActiveCfg = Release|Any CPU
		{EC1A8251-119A-44BE-8A8C-BC7823876763}.Release|Any CPU.Build.0 = Release|Any CPU
		{23D9DE1A-92C0-42FC-875B-5881CE8433D4}.Debug|Any CPU.ActiveCfg = Debug|Any CPU
		{23D9DE1A-92C0-42FC-875B-5881CE8433D4}.Debug|Any CPU.Build.0 = Debug|Any CPU
		{23D9DE1A-92C0-42FC-875B-5881CE8433D4}.Release|Any CPU.ActiveCfg = Release|Any CPU
		{23D9DE1A-92C0-42FC-875B-5881CE8433D4}.Release|Any CPU.Build.0 = Release|Any CPU
	EndGlobalSection
	GlobalSection(SolutionProperties) = preSolution
		HideSolutionNode = FALSE
	EndGlobalSection
	GlobalSection(ExtensibilityGlobals) = postSolution
		SolutionGuid = {28C2A11D-82C6-41FC-AAAB-52E097E4667C}
	EndGlobalSection
EndGlobal
