
Microsoft Visual Studio Solution File, Format Version 12.00
# Visual Studio 14
VisualStudioVersion = 14.0.25420.1
MinimumVisualStudioVersion = 10.0.40219.1
Project("{FAE04EC0-301F-11D3-BF4B-00C04F79EFBC}") = "OrderEntryAsyncSample", "OrderEntryAsyncSample\OrderEntryAsyncSample.csproj", "{5601A56E-8752-4AEF-B6F1-5285E67DDD40}"
EndProject
Project("{FAE04EC0-301F-11D3-BF4B-00C04F79EFBC}") = "OrderEntrySample", "OrderEntrySample\OrderEntrySample.csproj", "{9138F823-7688-4A22-9C10-CA85166F9522}"
EndProject
Project("{FAE04EC0-301F-11D3-BF4B-00C04F79EFBC}") = "QuoteFeedAsyncSample", "QuoteFeedAsyncSample\QuoteFeedAsyncSample.csproj", "{B33E4ADA-5980-43EA-80C4-1587F436053B}"
EndProject
Project("{FAE04EC0-301F-11D3-BF4B-00C04F79EFBC}") = "QuoteFeedSample", "QuoteFeedSample\QuoteFeedSample.csproj", "{CB691BEC-3A3C-4973-BC92-6D82D35BFD27}"
EndProject
Project("{FAE04EC0-301F-11D3-BF4B-00C04F79EFBC}") = "DataTradeExamples", "DataTradeExamples\DataTradeExamples.csproj", "{AEBCFEF7-81B7-426C-A69F-019F09F5426C}"
EndProject
Project("{FAE04EC0-301F-11D3-BF4B-00C04F79EFBC}") = "DataFeedExamples", "DataFeedExamples\DataFeedExamples.csproj", "{088ADE6B-CE03-4804-B37A-DDDA86D05048}"
EndProject
Project("{FAE04EC0-301F-11D3-BF4B-00C04F79EFBC}") = "TradeFeedExamples", "TradeFeedExamples\TradeFeedExamples.csproj", "{F75BDC52-55A6-4AA5-A06E-19D0C00FF404}"
EndProject
Project("{FAE04EC0-301F-11D3-BF4B-00C04F79EFBC}") = "StandardExamples", "StandardExamples\StandardExamples.csproj", "{F75BDC52-55A6-4AA5-A06E-197877862734}"
EndProject
Project("{FAE04EC0-301F-11D3-BF4B-00C04F79EFBC}") = "QuoteStoreAsyncSample", "QuoteStoreAsyncSample\QuoteStoreAsyncSample.csproj", "{B33E4ADA-5980-43EA-80C4-1587F434566B}"
EndProject
Project("{FAE04EC0-301F-11D3-BF4B-00C04F79EFBC}") = "QuoteStoreSample", "QuoteStoreSample\QuoteStoreSample.csproj", "{B33E4ADA-5980-43EA-80C4-15834434566B}"
EndProject
Project("{FAE04EC0-301F-11D3-BF4B-00C04F79EFBC}") = "CallSample", "CallSample\CallSample.csproj", "{CB691BEC-3A3C-4973-BC92-6D82D3434D27}"
EndProject
Project("{FAE04EC0-301F-11D3-BF4B-00C04F79EFBC}") = "TradeCaptureSample", "TradeCaptureSample\TradeCaptureSample.csproj", "{B33E4ADA-5980-43EA-80C4-15334434566B}"
EndProject
Project("{FAE04EC0-301F-11D3-BF4B-00C04F79EFBC}") = "TradeCaptureAsyncSample", "TradeCaptureAsyncSample\TradeCaptureAsyncSample.csproj", "{B33E4ADA-5980-43EA-80C4-15334578934B}"
EndProject
Global
	GlobalSection(SolutionConfigurationPlatforms) = preSolution
		Debug|Any CPU = Debug|Any CPU
		Release|Any CPU = Release|Any CPU
	EndGlobalSection
	GlobalSection(ProjectConfigurationPlatforms) = postSolution
		{5601A56E-8752-4AEF-B6F1-5285E67DDD40}.Debug|Any CPU.ActiveCfg = Debug|Any CPU
		{5601A56E-8752-4AEF-B6F1-5285E67DDD40}.Debug|Any CPU.Build.0 = Debug|Any CPU
		{5601A56E-8752-4AEF-B6F1-5285E67DDD40}.Release|Any CPU.ActiveCfg = Release|Any CPU
		{5601A56E-8752-4AEF-B6F1-5285E67DDD40}.Release|Any CPU.Build.0 = Release|Any CPU
		{9138F823-7688-4A22-9C10-CA85166F9522}.Debug|Any CPU.ActiveCfg = Debug|Any CPU
		{9138F823-7688-4A22-9C10-CA85166F9522}.Debug|Any CPU.Build.0 = Debug|Any CPU
		{9138F823-7688-4A22-9C10-CA85166F9522}.Release|Any CPU.ActiveCfg = Release|Any CPU
		{9138F823-7688-4A22-9C10-CA85166F9522}.Release|Any CPU.Build.0 = Release|Any CPU
		{B33E4ADA-5980-43EA-80C4-1587F436053B}.Debug|Any CPU.ActiveCfg = Debug|Any CPU
		{B33E4ADA-5980-43EA-80C4-1587F436053B}.Debug|Any CPU.Build.0 = Debug|Any CPU
		{B33E4ADA-5980-43EA-80C4-1587F436053B}.Release|Any CPU.ActiveCfg = Release|Any CPU
		{B33E4ADA-5980-43EA-80C4-1587F436053B}.Release|Any CPU.Build.0 = Release|Any CPU
		{CB691BEC-3A3C-4973-BC92-6D82D35BFD27}.Debug|Any CPU.ActiveCfg = Debug|Any CPU
		{CB691BEC-3A3C-4973-BC92-6D82D35BFD27}.Debug|Any CPU.Build.0 = Debug|Any CPU
		{CB691BEC-3A3C-4973-BC92-6D82D35BFD27}.Release|Any CPU.ActiveCfg = Release|Any CPU
		{CB691BEC-3A3C-4973-BC92-6D82D35BFD27}.Release|Any CPU.Build.0 = Release|Any CPU
		{AEBCFEF7-81B7-426C-A69F-019F09F5426C}.Debug|Any CPU.ActiveCfg = Debug|Any CPU
		{AEBCFEF7-81B7-426C-A69F-019F09F5426C}.Debug|Any CPU.Build.0 = Debug|Any CPU
		{AEBCFEF7-81B7-426C-A69F-019F09F5426C}.Release|Any CPU.ActiveCfg = Release|Any CPU
		{AEBCFEF7-81B7-426C-A69F-019F09F5426C}.Release|Any CPU.Build.0 = Release|Any CPU
		{088ADE6B-CE03-4804-B37A-DDDA86D05048}.Debug|Any CPU.ActiveCfg = Debug|Any CPU
		{088ADE6B-CE03-4804-B37A-DDDA86D05048}.Debug|Any CPU.Build.0 = Debug|Any CPU
		{088ADE6B-CE03-4804-B37A-DDDA86D05048}.Release|Any CPU.ActiveCfg = Release|Any CPU
		{088ADE6B-CE03-4804-B37A-DDDA86D05048}.Release|Any CPU.Build.0 = Release|Any CPU
		{F75BDC52-55A6-4AA5-A06E-19D0C00FF404}.Debug|Any CPU.ActiveCfg = Debug|Any CPU
		{F75BDC52-55A6-4AA5-A06E-19D0C00FF404}.Debug|Any CPU.Build.0 = Debug|Any CPU
		{F75BDC52-55A6-4AA5-A06E-19D0C00FF404}.Release|Any CPU.ActiveCfg = Release|Any CPU
		{F75BDC52-55A6-4AA5-A06E-19D0C00FF404}.Release|Any CPU.Build.0 = Release|Any CPU
		{F75BDC52-55A6-4AA5-A06E-197877862734}.Debug|Any CPU.ActiveCfg = Debug|Any CPU
		{F75BDC52-55A6-4AA5-A06E-197877862734}.Debug|Any CPU.Build.0 = Debug|Any CPU
		{F75BDC52-55A6-4AA5-A06E-197877862734}.Release|Any CPU.ActiveCfg = Release|Any CPU
		{F75BDC52-55A6-4AA5-A06E-197877862734}.Release|Any CPU.Build.0 = Release|Any CPU
		{B33E4ADA-5980-43EA-80C4-1587F434566B}.Debug|Any CPU.ActiveCfg = Debug|Any CPU
		{B33E4ADA-5980-43EA-80C4-1587F434566B}.Debug|Any CPU.Build.0 = Debug|Any CPU
		{B33E4ADA-5980-43EA-80C4-1587F434566B}.Release|Any CPU.ActiveCfg = Release|Any CPU
		{B33E4ADA-5980-43EA-80C4-1587F434566B}.Release|Any CPU.Build.0 = Release|Any CPU
		{B33E4ADA-5980-43EA-80C4-15834434566B}.Debug|Any CPU.ActiveCfg = Debug|Any CPU
		{B33E4ADA-5980-43EA-80C4-15834434566B}.Debug|Any CPU.Build.0 = Debug|Any CPU
		{B33E4ADA-5980-43EA-80C4-15834434566B}.Release|Any CPU.ActiveCfg = Release|Any CPU
		{B33E4ADA-5980-43EA-80C4-15834434566B}.Release|Any CPU.Build.0 = Release|Any CPU
		{CB691BEC-3A3C-4973-BC92-6D82D3434D27}.Debug|Any CPU.ActiveCfg = Debug|Any CPU
		{CB691BEC-3A3C-4973-BC92-6D82D3434D27}.Debug|Any CPU.Build.0 = Debug|Any CPU
		{CB691BEC-3A3C-4973-BC92-6D82D3434D27}.Release|Any CPU.ActiveCfg = Release|Any CPU
		{CB691BEC-3A3C-4973-BC92-6D82D3434D27}.Release|Any CPU.Build.0 = Release|Any CPU
		{B33E4ADA-5980-43EA-80C4-15334434566B}.Debug|Any CPU.ActiveCfg = Debug|Any CPU
		{B33E4ADA-5980-43EA-80C4-15334434566B}.Debug|Any CPU.Build.0 = Debug|Any CPU
		{B33E4ADA-5980-43EA-80C4-15334434566B}.Release|Any CPU.ActiveCfg = Release|Any CPU
		{B33E4ADA-5980-43EA-80C4-15334434566B}.Release|Any CPU.Build.0 = Release|Any CPU
		{B33E4ADA-5980-43EA-80C4-15334578934B}.Debug|Any CPU.ActiveCfg = Debug|Any CPU
		{B33E4ADA-5980-43EA-80C4-15334578934B}.Debug|Any CPU.Build.0 = Debug|Any CPU
		{B33E4ADA-5980-43EA-80C4-15334578934B}.Release|Any CPU.ActiveCfg = Release|Any CPU
		{B33E4ADA-5980-43EA-80C4-15334578934B}.Release|Any CPU.Build.0 = Release|Any CPU
	EndGlobalSection
	GlobalSection(SolutionProperties) = preSolution
		HideSolutionNode = FALSE
	EndGlobalSection
EndGlobal
