
Microsoft Visual Studio Solution File, Format Version 12.00
# Visual Studio 14
VisualStudioVersion = 14.0.25420.1
MinimumVisualStudioVersion = 10.0.40219.1
Project("{FAE04EC0-301F-11D3-BF4B-00C04F79EFBC}") = "Common", "Common\Common.csproj", "{D52DA7C0-3CF2-4E26-BBCE-F9A2DC09589D}"
EndProject
Project("{FAE04EC0-301F-11D3-BF4B-00C04F79EFBC}") = "QuoteFeed", "QuoteFeed\QuoteFeed.csproj", "{4C7583DA-30D2-4767-9198-04902691C677}"
EndProject
Project("{FAE04EC0-301F-11D3-BF4B-00C04F79EFBC}") = "OrderEntry", "OrderEntry\OrderEntry.csproj", "{48816E75-17A7-4883-89DA-50ECD246F4EE}"
EndProject
Project("{FAE04EC0-301F-11D3-BF4B-00C04F79EFBC}") = "Extended", "Extended\Extended.csproj", "{EC1A8251-1B9A-4BBE-8A8C-BC8CD7DA60E0}"
EndProject
Project("{FAE04EC0-301F-11D3-BF4B-00C04F79EFBC}") = "Calculator", "Calculator\Calculator.csproj", "{D52DA7C0-3DD2-4E26-BBCE-F9A2DC09AA9D}"
EndProject
Project("{FAE04EC0-301F-11D3-BF4B-00C04F79EFBC}") = "Standard", "Standard\Standard.csproj", "{EC1A8251-119A-44BE-8A8C-BC7823876763}"
EndProject
Global
	GlobalSection(SolutionConfigurationPlatforms) = preSolution
		Debug|Any CPU = Debug|Any CPU
		Release|Any CPU = Release|Any CPU
	EndGlobalSection
	GlobalSection(ProjectConfigurationPlatforms) = postSolution
		{D52DA7C0-3CF2-4E26-BBCE-F9A2DC09589D}.Debug|Any CPU.ActiveCfg = Debug|Any CPU
		{D52DA7C0-3CF2-4E26-BBCE-F9A2DC09589D}.Debug|Any CPU.Build.0 = Debug|Any CPU
		{D52DA7C0-3CF2-4E26-BBCE-F9A2DC09589D}.Release|Any CPU.ActiveCfg = Release|Any CPU
		{D52DA7C0-3CF2-4E26-BBCE-F9A2DC09589D}.Release|Any CPU.Build.0 = Release|Any CPU
		{4C7583DA-30D2-4767-9198-04902691C677}.Debug|Any CPU.ActiveCfg = Debug|Any CPU
		{4C7583DA-30D2-4767-9198-04902691C677}.Debug|Any CPU.Build.0 = Debug|Any CPU
		{4C7583DA-30D2-4767-9198-04902691C677}.Release|Any CPU.ActiveCfg = Release|Any CPU
		{4C7583DA-30D2-4767-9198-04902691C677}.Release|Any CPU.Build.0 = Release|Any CPU
		{48816E75-17A7-4883-89DA-50ECD246F4EE}.Debug|Any CPU.ActiveCfg = Debug|Any CPU
		{48816E75-17A7-4883-89DA-50ECD246F4EE}.Debug|Any CPU.Build.0 = Debug|Any CPU
		{48816E75-17A7-4883-89DA-50ECD246F4EE}.Release|Any CPU.ActiveCfg = Release|Any CPU
		{48816E75-17A7-4883-89DA-50ECD246F4EE}.Release|Any CPU.Build.0 = Release|Any CPU
		{EC1A8251-1B9A-4BBE-8A8C-BC8CD7DA60E0}.Debug|Any CPU.ActiveCfg = Debug|Any CPU
		{EC1A8251-1B9A-4BBE-8A8C-BC8CD7DA60E0}.Debug|Any CPU.Build.0 = Debug|Any CPU
		{EC1A8251-1B9A-4BBE-8A8C-BC8CD7DA60E0}.Release|Any CPU.ActiveCfg = Release|Any CPU
		{EC1A8251-1B9A-4BBE-8A8C-BC8CD7DA60E0}.Release|Any CPU.Build.0 = Release|Any CPU
		{D52DA7C0-3DD2-4E26-BBCE-F9A2DC09AA9D}.Debug|Any CPU.ActiveCfg = Debug|Any CPU
		{D52DA7C0-3DD2-4E26-BBCE-F9A2DC09AA9D}.Debug|Any CPU.Build.0 = Debug|Any CPU
		{D52DA7C0-3DD2-4E26-BBCE-F9A2DC09AA9D}.Release|Any CPU.ActiveCfg = Release|Any CPU
		{D52DA7C0-3DD2-4E26-BBCE-F9A2DC09AA9D}.Release|Any CPU.Build.0 = Release|Any CPU
		{EC1A8251-119A-44BE-8A8C-BC7823876763}.Debug|Any CPU.ActiveCfg = Debug|Any CPU
		{EC1A8251-119A-44BE-8A8C-BC7823876763}.Debug|Any CPU.Build.0 = Debug|Any CPU
		{EC1A8251-119A-44BE-8A8C-BC7823876763}.Release|Any CPU.ActiveCfg = Release|Any CPU
		{EC1A8251-119A-44BE-8A8C-BC7823876763}.Release|Any CPU.Build.0 = Release|Any CPU
	EndGlobalSection
	GlobalSection(SolutionProperties) = preSolution
		HideSolutionNode = FALSE
	EndGlobalSection
EndGlobal
